
Microsoft Visual Studio Solution File, Format Version 12.00
Project("{FAE04EC0-301F-11D3-BF4B-00C04F79EFBC}") = "Slant.Entity.Demo", "Slant.Entity.Demo.csproj", "{1837427E-07E1-4355-B07F-19385A3AF3F6}"
EndProject
Global
	GlobalSection(SolutionConfigurationPlatforms) = preSolution
		Debug|Any CPU = Debug|Any CPU
		Release|Any CPU = Release|Any CPU
	EndGlobalSection
	GlobalSection(ProjectConfigurationPlatforms) = postSolution
		{1837427E-07E1-4355-B07F-19385A3AF3F6}.Debug|Any CPU.ActiveCfg = Debug|Any CPU
		{1837427E-07E1-4355-B07F-19385A3AF3F6}.Debug|Any CPU.Build.0 = Debug|Any CPU
		{1837427E-07E1-4355-B07F-19385A3AF3F6}.Release|Any CPU.ActiveCfg = Release|Any CPU
		{1837427E-07E1-4355-B07F-19385A3AF3F6}.Release|Any CPU.Build.0 = Release|Any CPU
	EndGlobalSection
EndGlobal
